{
  "pins" : [
    {
      "identity" : "yuno-sdk-ios",
      "kind" : "remoteSourceControl",
      "location" : "https://github.com/yuno-payments/yuno-sdk-ios.git",
      "state" : {
        "revision" : "5e4d0a59039d576c08dbb9e6d43a640de0ec012b",
        "version" : "1.16.0"
      }
    }
  ],
  "version" : 2
}
